
Microsoft Visual Studio Solution File, Format Version 12.00
# Visual Studio Version 16
VisualStudioVersion = 16.0.31313.79
MinimumVisualStudioVersion = 10.0.40219.1
Project("{FAE04EC0-301F-11D3-BF4B-00C04F79EFBC}") = "GitPracticeProject", "GitPracticeProject\GitPracticeProject.csproj", "{8AF36D6A-04BB-4C56-B10B-6AD9AD2CA71A}"
EndProject
Global
	GlobalSection(SolutionConfigurationPlatforms) = preSolution
		Debug|Any CPU = Debug|Any CPU
		Release|Any CPU = Release|Any CPU
	EndGlobalSection
	GlobalSection(ProjectConfigurationPlatforms) = postSolution
		{8AF36D6A-04BB-4C56-B10B-6AD9AD2CA71A}.Debug|Any CPU.ActiveCfg = Debug|Any CPU
		{8AF36D6A-04BB-4C56-B10B-6AD9AD2CA71A}.Debug|Any CPU.Build.0 = Debug|Any CPU
		{8AF36D6A-04BB-4C56-B10B-6AD9AD2CA71A}.Release|Any CPU.ActiveCfg = Release|Any CPU
		{8AF36D6A-04BB-4C56-B10B-6AD9AD2CA71A}.Release|Any CPU.Build.0 = Release|Any CPU
	EndGlobalSection
	GlobalSection(SolutionProperties) = preSolution
		HideSolutionNode = FALSE
	EndGlobalSection
	GlobalSection(ExtensibilityGlobals) = postSolution
		SolutionGuid = {EC7EBD3E-A338-4462-9654-AD2C76C448F0}
	EndGlobalSection
EndGlobal
